
Microsoft Visual Studio Solution File, Format Version 12.00
# Visual Studio Version 17
VisualStudioVersion = 17.8.34330.188
MinimumVisualStudioVersion = 10.0.40219.1
Project("{FAE04EC0-301F-11D3-BF4B-00C04F79EFBC}") = "App1", "App1\App1.csproj", "{354D4198-8ADB-4D8D-B9E3-91E072A4C0F2}"
EndProject
Project("{FAE04EC0-301F-11D3-BF4B-00C04F79EFBC}") = "App2", "App2\App2.csproj", "{B8B1AAD4-14CE-44F4-88E3-EE3DAFA51460}"
EndProject
Project("{FAE04EC0-301F-11D3-BF4B-00C04F79EFBC}") = "App3", "App3\App3.csproj", "{BFAFDD21-48D9-4054-9A1D-F9F366A212B2}"
EndProject
Global
	GlobalSection(SolutionConfigurationPlatforms) = preSolution
		Debug|ARM = Debug|ARM
		Debug|ARM64 = Debug|ARM64
		Debug|x64 = Debug|x64
		Debug|x86 = Debug|x86
		Release|ARM = Release|ARM
		Release|ARM64 = Release|ARM64
		Release|x64 = Release|x64
		Release|x86 = Release|x86
	EndGlobalSection
	GlobalSection(ProjectConfigurationPlatforms) = postSolution
		{354D4198-8ADB-4D8D-B9E3-91E072A4C0F2}.Debug|ARM.ActiveCfg = Debug|ARM
		{354D4198-8ADB-4D8D-B9E3-91E072A4C0F2}.Debug|ARM.Build.0 = Debug|ARM
		{354D4198-8ADB-4D8D-B9E3-91E072A4C0F2}.Debug|ARM.Deploy.0 = Debug|ARM
		{354D4198-8ADB-4D8D-B9E3-91E072A4C0F2}.Debug|ARM64.ActiveCfg = Debug|ARM64
		{354D4198-8ADB-4D8D-B9E3-91E072A4C0F2}.Debug|ARM64.Build.0 = Debug|ARM64
		{354D4198-8ADB-4D8D-B9E3-91E072A4C0F2}.Debug|ARM64.Deploy.0 = Debug|ARM64
		{354D4198-8ADB-4D8D-B9E3-91E072A4C0F2}.Debug|x64.ActiveCfg = Debug|x64
		{354D4198-8ADB-4D8D-B9E3-91E072A4C0F2}.Debug|x64.Build.0 = Debug|x64
		{354D4198-8ADB-4D8D-B9E3-91E072A4C0F2}.Debug|x64.Deploy.0 = Debug|x64
		{354D4198-8ADB-4D8D-B9E3-91E072A4C0F2}.Debug|x86.ActiveCfg = Debug|x86
		{354D4198-8ADB-4D8D-B9E3-91E072A4C0F2}.Debug|x86.Build.0 = Debug|x86
		{354D4198-8ADB-4D8D-B9E3-91E072A4C0F2}.Debug|x86.Deploy.0 = Debug|x86
		{354D4198-8ADB-4D8D-B9E3-91E072A4C0F2}.Release|ARM.ActiveCfg = Release|ARM
		{354D4198-8ADB-4D8D-B9E3-91E072A4C0F2}.Release|ARM.Build.0 = Release|ARM
		{354D4198-8ADB-4D8D-B9E3-91E072A4C0F2}.Release|ARM.Deploy.0 = Release|ARM
		{354D4198-8ADB-4D8D-B9E3-91E072A4C0F2}.Release|ARM64.ActiveCfg = Release|ARM64
		{354D4198-8ADB-4D8D-B9E3-91E072A4C0F2}.Release|ARM64.Build.0 = Release|ARM64
		{354D4198-8ADB-4D8D-B9E3-91E072A4C0F2}.Release|ARM64.Deploy.0 = Release|ARM64
		{354D4198-8ADB-4D8D-B9E3-91E072A4C0F2}.Release|x64.ActiveCfg = Release|x64
		{354D4198-8ADB-4D8D-B9E3-91E072A4C0F2}.Release|x64.Build.0 = Release|x64
		{354D4198-8ADB-4D8D-B9E3-91E072A4C0F2}.Release|x64.Deploy.0 = Release|x64
		{354D4198-8ADB-4D8D-B9E3-91E072A4C0F2}.Release|x86.ActiveCfg = Release|x86
		{354D4198-8ADB-4D8D-B9E3-91E072A4C0F2}.Release|x86.Build.0 = Release|x86
		{354D4198-8ADB-4D8D-B9E3-91E072A4C0F2}.Release|x86.Deploy.0 = Release|x86
		{B8B1AAD4-14CE-44F4-88E3-EE3DAFA51460}.Debug|ARM.ActiveCfg = Debug|ARM
		{B8B1AAD4-14CE-44F4-88E3-EE3DAFA51460}.Debug|ARM.Build.0 = Debug|ARM
		{B8B1AAD4-14CE-44F4-88E3-EE3DAFA51460}.Debug|ARM.Deploy.0 = Debug|ARM
		{B8B1AAD4-14CE-44F4-88E3-EE3DAFA51460}.Debug|ARM64.ActiveCfg = Debug|ARM64
		{B8B1AAD4-14CE-44F4-88E3-EE3DAFA51460}.Debug|ARM64.Build.0 = Debug|ARM64
		{B8B1AAD4-14CE-44F4-88E3-EE3DAFA51460}.Debug|ARM64.Deploy.0 = Debug|ARM64
		{B8B1AAD4-14CE-44F4-88E3-EE3DAFA51460}.Debug|x64.ActiveCfg = Debug|x64
		{B8B1AAD4-14CE-44F4-88E3-EE3DAFA51460}.Debug|x64.Build.0 = Debug|x64
		{B8B1AAD4-14CE-44F4-88E3-EE3DAFA51460}.Debug|x64.Deploy.0 = Debug|x64
		{B8B1AAD4-14CE-44F4-88E3-EE3DAFA51460}.Debug|x86.ActiveCfg = Debug|x86
		{B8B1AAD4-14CE-44F4-88E3-EE3DAFA51460}.Debug|x86.Build.0 = Debug|x86
		{B8B1AAD4-14CE-44F4-88E3-EE3DAFA51460}.Debug|x86.Deploy.0 = Debug|x86
		{B8B1AAD4-14CE-44F4-88E3-EE3DAFA51460}.Release|ARM.ActiveCfg = Release|ARM
		{B8B1AAD4-14CE-44F4-88E3-EE3DAFA51460}.Release|ARM.Build.0 = Release|ARM
		{B8B1AAD4-14CE-44F4-88E3-EE3DAFA51460}.Release|ARM.Deploy.0 = Release|ARM
		{B8B1AAD4-14CE-44F4-88E3-EE3DAFA51460}.Release|ARM64.ActiveCfg = Release|ARM64
		{B8B1AAD4-14CE-44F4-88E3-EE3DAFA51460}.Release|ARM64.Build.0 = Release|ARM64
		{B8B1AAD4-14CE-44F4-88E3-EE3DAFA51460}.Release|ARM64.Deploy.0 = Release|ARM64
		{B8B1AAD4-14CE-44F4-88E3-EE3DAFA51460}.Release|x64.ActiveCfg = Release|x64
		{B8B1AAD4-14CE-44F4-88E3-EE3DAFA51460}.Release|x64.Build.0 = Release|x64
		{B8B1AAD4-14CE-44F4-88E3-EE3DAFA51460}.Release|x64.Deploy.0 = Release|x64
		{B8B1AAD4-14CE-44F4-88E3-EE3DAFA51460}.Release|x86.ActiveCfg = Release|x86
		{B8B1AAD4-14CE-44F4-88E3-EE3DAFA51460}.Release|x86.Build.0 = Release|x86
		{B8B1AAD4-14CE-44F4-88E3-EE3DAFA51460}.Release|x86.Deploy.0 = Release|x86
		{BFAFDD21-48D9-4054-9A1D-F9F366A212B2}.Debug|ARM.ActiveCfg = Debug|ARM
		{BFAFDD21-48D9-4054-9A1D-F9F366A212B2}.Debug|ARM.Build.0 = Debug|ARM
		{BFAFDD21-48D9-4054-9A1D-F9F366A212B2}.Debug|ARM.Deploy.0 = Debug|ARM
		{BFAFDD21-48D9-4054-9A1D-F9F366A212B2}.Debug|ARM64.ActiveCfg = Debug|ARM64
		{BFAFDD21-48D9-4054-9A1D-F9F366A212B2}.Debug|ARM64.Build.0 = Debug|ARM64
		{BFAFDD21-48D9-4054-9A1D-F9F366A212B2}.Debug|ARM64.Deploy.0 = Debug|ARM64
		{BFAFDD21-48D9-4054-9A1D-F9F366A212B2}.Debug|x64.ActiveCfg = Debug|x64
		{BFAFDD21-48D9-4054-9A1D-F9F366A212B2}.Debug|x64.Build.0 = Debug|x64
		{BFAFDD21-48D9-4054-9A1D-F9F366A212B2}.Debug|x64.Deploy.0 = Debug|x64
		{BFAFDD21-48D9-4054-9A1D-F9F366A212B2}.Debug|x86.ActiveCfg = Debug|x86
		{BFAFDD21-48D9-4054-9A1D-F9F366A212B2}.Debug|x86.Build.0 = Debug|x86
		{BFAFDD21-48D9-4054-9A1D-F9F366A212B2}.Debug|x86.Deploy.0 = Debug|x86
		{BFAFDD21-48D9-4054-9A1D-F9F366A212B2}.Release|ARM.ActiveCfg = Release|ARM
		{BFAFDD21-48D9-4054-9A1D-F9F366A212B2}.Release|ARM.Build.0 = Release|ARM
		{BFAFDD21-48D9-4054-9A1D-F9F366A212B2}.Release|ARM.Deploy.0 = Release|ARM
		{BFAFDD21-48D9-4054-9A1D-F9F366A212B2}.Release|ARM64.ActiveCfg = Release|ARM64
		{BFAFDD21-48D9-4054-9A1D-F9F366A212B2}.Release|ARM64.Build.0 = Release|ARM64
		{BFAFDD21-48D9-4054-9A1D-F9F366A212B2}.Release|ARM64.Deploy.0 = Release|ARM64
		{BFAFDD21-48D9-4054-9A1D-F9F366A212B2}.Release|x64.ActiveCfg = Release|x64
		{BFAFDD21-48D9-4054-9A1D-F9F366A212B2}.Release|x64.Build.0 = Release|x64
		{BFAFDD21-48D9-4054-9A1D-F9F366A212B2}.Release|x64.Deploy.0 = Release|x64
		{BFAFDD21-48D9-4054-9A1D-F9F366A212B2}.Release|x86.ActiveCfg = Release|x86
		{BFAFDD21-48D9-4054-9A1D-F9F366A212B2}.Release|x86.Build.0 = Release|x86
		{BFAFDD21-48D9-4054-9A1D-F9F366A212B2}.Release|x86.Deploy.0 = Release|x86
	EndGlobalSection
	GlobalSection(SolutionProperties) = preSolution
		HideSolutionNode = FALSE
	EndGlobalSection
	GlobalSection(ExtensibilityGlobals) = postSolution
		SolutionGuid = {BCB485B5-203E-478F-976D-D3F82521ABEE}
	EndGlobalSection
EndGlobal
